
Microsoft Visual Studio Solution File, Format Version 12.00
# Visual Studio Version 16
VisualStudioVersion = 16.0.32106.194
MinimumVisualStudioVersion = 10.0.40219.1
Project("{FAE04EC0-301F-11D3-BF4B-00C04F79EFBC}") = "ERPStandard.WEB", "ERPStandard.WEB\ERPStandard.WEB.csproj", "{6EE32D5A-19C5-4AB5-8534-92AF9D672F38}"
EndProject
Project("{FAE04EC0-301F-11D3-BF4B-00C04F79EFBC}") = "ERPStandard.DbEntities", "ERPStandard.DbEntities\ERPStandard.DbEntities.csproj", "{0215232E-F1F2-451A-83F9-2E60B50931A0}"
EndProject
Project("{FAE04EC0-301F-11D3-BF4B-00C04F79EFBC}") = "ERPStandard.Services", "ERPStandard.Services\ERPStandard.Services.csproj", "{7BE94AF5-4936-4720-A09E-6A6879EB43E2}"
EndProject
Global
	GlobalSection(SolutionConfigurationPlatforms) = preSolution
		Debug|Any CPU = Debug|Any CPU
		Release|Any CPU = Release|Any CPU
	EndGlobalSection
	GlobalSection(ProjectConfigurationPlatforms) = postSolution
		{6EE32D5A-19C5-4AB5-8534-92AF9D672F38}.Debug|Any CPU.ActiveCfg = Debug|Any CPU
		{6EE32D5A-19C5-4AB5-8534-92AF9D672F38}.Debug|Any CPU.Build.0 = Debug|Any CPU
		{6EE32D5A-19C5-4AB5-8534-92AF9D672F38}.Release|Any CPU.ActiveCfg = Release|Any CPU
		{6EE32D5A-19C5-4AB5-8534-92AF9D672F38}.Release|Any CPU.Build.0 = Release|Any CPU
		{0215232E-F1F2-451A-83F9-2E60B50931A0}.Debug|Any CPU.ActiveCfg = Debug|Any CPU
		{0215232E-F1F2-451A-83F9-2E60B50931A0}.Debug|Any CPU.Build.0 = Debug|Any CPU
		{0215232E-F1F2-451A-83F9-2E60B50931A0}.Release|Any CPU.ActiveCfg = Release|Any CPU
		{0215232E-F1F2-451A-83F9-2E60B50931A0}.Release|Any CPU.Build.0 = Release|Any CPU
		{7BE94AF5-4936-4720-A09E-6A6879EB43E2}.Debug|Any CPU.ActiveCfg = Debug|Any CPU
		{7BE94AF5-4936-4720-A09E-6A6879EB43E2}.Debug|Any CPU.Build.0 = Debug|Any CPU
		{7BE94AF5-4936-4720-A09E-6A6879EB43E2}.Release|Any CPU.ActiveCfg = Release|Any CPU
		{7BE94AF5-4936-4720-A09E-6A6879EB43E2}.Release|Any CPU.Build.0 = Release|Any CPU
	EndGlobalSection
	GlobalSection(SolutionProperties) = preSolution
		HideSolutionNode = FALSE
	EndGlobalSection
	GlobalSection(ExtensibilityGlobals) = postSolution
		SolutionGuid = {77FC06F4-FCC1-4983-84BE-FFC42604BAEE}
	EndGlobalSection
EndGlobal
